
Microsoft Visual Studio Solution File, Format Version 12.00
# Visual Studio Version 17
VisualStudioVersion = 17.2.32505.173
MinimumVisualStudioVersion = 10.0.40219.1
Project("{8BC9CEB8-8B4A-11D0-8D11-00A0C91BC942}") = "ConsoleApplication6", "ConsoleApplication6\ConsoleApplication6.vcxproj", "{16B771FC-E54E-482E-81F7-4FBC1DD9CB64}"
EndProject
Project("{FAE04EC0-301F-11D3-BF4B-00C04F79EFBC}") = "ConsoleApp1", "ConsoleApp1\ConsoleApp1.csproj", "{BA908774-865F-41DB-9985-7BBE0E06B625}"
EndProject
Project("{8BC9CEB8-8B4A-11D0-8D11-00A0C91BC942}") = "ConsoleApplication1", "ConsoleApplication1\ConsoleApplication1.vcxproj", "{AA9CFE0C-0B19-4432-96DD-73D3324288E3}"
EndProject
Project("{8BC9CEB8-8B4A-11D0-8D11-00A0C91BC942}") = "ConsoleApplication2", "ConsoleApplication2\ConsoleApplication2.vcxproj", "{A45F2284-7C54-4CD6-9142-B494D146AB17}"
EndProject
Project("{8BC9CEB8-8B4A-11D0-8D11-00A0C91BC942}") = "ConsoleApplication3", "ConsoleApplication3\ConsoleApplication3.vcxproj", "{E936D6BE-5F5D-4951-8154-17CAC1632D2D}"
EndProject
Project("{8BC9CEB8-8B4A-11D0-8D11-00A0C91BC942}") = "ConsoleApplication4", "ConsoleApplication4\ConsoleApplication4.vcxproj", "{9EB3983A-6221-4C01-8521-8DFAEE4D5811}"
EndProject
Project("{8BC9CEB8-8B4A-11D0-8D11-00A0C91BC942}") = "ConsoleApplication5", "ConsoleApplication5\ConsoleApplication5.vcxproj", "{1B6B5F34-ED33-42E2-84A2-143687EC86F1}"
EndProject
Project("{8BC9CEB8-8B4A-11D0-8D11-00A0C91BC942}") = "ConsoleApplication7", "ConsoleApplication7\ConsoleApplication7.vcxproj", "{9A3D438A-50E9-4F29-8601-C73EA5EADC73}"
EndProject
Project("{FAE04EC0-301F-11D3-BF4B-00C04F79EFBC}") = "ConsoleApp2", "ConsoleApp2\ConsoleApp2.csproj", "{85CBE676-1DE3-49D1-92CB-E1E236F50422}"
EndProject
Project("{FAE04EC0-301F-11D3-BF4B-00C04F79EFBC}") = "ConsoleApp3", "ConsoleApp3\ConsoleApp3.csproj", "{1EF8ABF9-90E8-4ED7-BB3A-4544B6E81C41}"
EndProject
Project("{8BC9CEB8-8B4A-11D0-8D11-00A0C91BC942}") = "WindowsProject1", "WindowsProject1\WindowsProject1.vcxproj", "{3DBAF4FD-8E1F-40FA-AC96-665DD7BA3982}"
EndProject
Project("{FAE04EC0-301F-11D3-BF4B-00C04F79EFBC}") = "WindowsFormsApp1", "WindowsFormsApp1\WindowsFormsApp1.csproj", "{120969B3-5612-4AC7-92E3-E914571DB5DD}"
EndProject
Project("{8BC9CEB8-8B4A-11D0-8D11-00A0C91BC942}") = "ConsoleApplication8", "ConsoleApplication8\ConsoleApplication8.vcxproj", "{79A84FF9-3DF9-4EAB-82F1-40522E826B7B}"
EndProject
Project("{8BC9CEB8-8B4A-11D0-8D11-00A0C91BC942}") = "ConsoleApplication9", "ConsoleApplication9\ConsoleApplication9.vcxproj", "{44868608-7C37-4A57-B4AE-7CBE32A1AA39}"
EndProject
Project("{8BC9CEB8-8B4A-11D0-8D11-00A0C91BC942}") = "ConsoleApplication10", "ConsoleApplication10\ConsoleApplication10.vcxproj", "{6C9FE465-5D45-4276-A346-FDAF6388CC66}"
EndProject
Global
	GlobalSection(SolutionConfigurationPlatforms) = preSolution
		Debug|Any CPU = Debug|Any CPU
		Debug|x64 = Debug|x64
		Debug|x86 = Debug|x86
		Release|Any CPU = Release|Any CPU
		Release|x64 = Release|x64
		Release|x86 = Release|x86
	EndGlobalSection
	GlobalSection(ProjectConfigurationPlatforms) = postSolution
		{16B771FC-E54E-482E-81F7-4FBC1DD9CB64}.Debug|Any CPU.ActiveCfg = Debug|x64
		{16B771FC-E54E-482E-81F7-4FBC1DD9CB64}.Debug|Any CPU.Build.0 = Debug|x64
		{16B771FC-E54E-482E-81F7-4FBC1DD9CB64}.Debug|x64.ActiveCfg = Debug|x64
		{16B771FC-E54E-482E-81F7-4FBC1DD9CB64}.Debug|x64.Build.0 = Debug|x64
		{16B771FC-E54E-482E-81F7-4FBC1DD9CB64}.Debug|x86.ActiveCfg = Debug|Win32
		{16B771FC-E54E-482E-81F7-4FBC1DD9CB64}.Debug|x86.Build.0 = Debug|Win32
		{16B771FC-E54E-482E-81F7-4FBC1DD9CB64}.Release|Any CPU.ActiveCfg = Release|x64
		{16B771FC-E54E-482E-81F7-4FBC1DD9CB64}.Release|Any CPU.Build.0 = Release|x64
		{16B771FC-E54E-482E-81F7-4FBC1DD9CB64}.Release|x64.ActiveCfg = Release|x64
		{16B771FC-E54E-482E-81F7-4FBC1DD9CB64}.Release|x64.Build.0 = Release|x64
		{16B771FC-E54E-482E-81F7-4FBC1DD9CB64}.Release|x86.ActiveCfg = Release|Win32
		{16B771FC-E54E-482E-81F7-4FBC1DD9CB64}.Release|x86.Build.0 = Release|Win32
		{BA908774-865F-41DB-9985-7BBE0E06B625}.Debug|Any CPU.ActiveCfg = Debug|Any CPU
		{BA908774-865F-41DB-9985-7BBE0E06B625}.Debug|Any CPU.Build.0 = Debug|Any CPU
		{BA908774-865F-41DB-9985-7BBE0E06B625}.Debug|x64.ActiveCfg = Debug|Any CPU
		{BA908774-865F-41DB-9985-7BBE0E06B625}.Debug|x64.Build.0 = Debug|Any CPU
		{BA908774-865F-41DB-9985-7BBE0E06B625}.Debug|x86.ActiveCfg = Debug|Any CPU
		{BA908774-865F-41DB-9985-7BBE0E06B625}.Debug|x86.Build.0 = Debug|Any CPU
		{BA908774-865F-41DB-9985-7BBE0E06B625}.Release|Any CPU.ActiveCfg = Release|Any CPU
		{BA908774-865F-41DB-9985-7BBE0E06B625}.Release|Any CPU.Build.0 = Release|Any CPU
		{BA908774-865F-41DB-9985-7BBE0E06B625}.Release|x64.ActiveCfg = Release|Any CPU
		{BA908774-865F-41DB-9985-7BBE0E06B625}.Release|x64.Build.0 = Release|Any CPU
		{BA908774-865F-41DB-9985-7BBE0E06B625}.Release|x86.ActiveCfg = Release|Any CPU
		{BA908774-865F-41DB-9985-7BBE0E06B625}.Release|x86.Build.0 = Release|Any CPU
		{AA9CFE0C-0B19-4432-96DD-73D3324288E3}.Debug|Any CPU.ActiveCfg = Debug|x64
		{AA9CFE0C-0B19-4432-96DD-73D3324288E3}.Debug|Any CPU.Build.0 = Debug|x64
		{AA9CFE0C-0B19-4432-96DD-73D3324288E3}.Debug|x64.ActiveCfg = Debug|x64
		{AA9CFE0C-0B19-4432-96DD-73D3324288E3}.Debug|x64.Build.0 = Debug|x64
		{AA9CFE0C-0B19-4432-96DD-73D3324288E3}.Debug|x86.ActiveCfg = Debug|Win32
		{AA9CFE0C-0B19-4432-96DD-73D3324288E3}.Debug|x86.Build.0 = Debug|Win32
		{AA9CFE0C-0B19-4432-96DD-73D3324288E3}.Release|Any CPU.ActiveCfg = Release|x64
		{AA9CFE0C-0B19-4432-96DD-73D3324288E3}.Release|Any CPU.Build.0 = Release|x64
		{AA9CFE0C-0B19-4432-96DD-73D3324288E3}.Release|x64.ActiveCfg = Release|x64
		{AA9CFE0C-0B19-4432-96DD-73D3324288E3}.Release|x64.Build.0 = Release|x64
		{AA9CFE0C-0B19-4432-96DD-73D3324288E3}.Release|x86.ActiveCfg = Release|Win32
		{AA9CFE0C-0B19-4432-96DD-73D3324288E3}.Release|x86.Build.0 = Release|Win32
		{A45F2284-7C54-4CD6-9142-B494D146AB17}.Debug|Any CPU.ActiveCfg = Debug|x64
		{A45F2284-7C54-4CD6-9142-B494D146AB17}.Debug|Any CPU.Build.0 = Debug|x64
		{A45F2284-7C54-4CD6-9142-B494D146AB17}.Debug|x64.ActiveCfg = Debug|x64
		{A45F2284-7C54-4CD6-9142-B494D146AB17}.Debug|x64.Build.0 = Debug|x64
		{A45F2284-7C54-4CD6-9142-B494D146AB17}.Debug|x86.ActiveCfg = Debug|Win32
		{A45F2284-7C54-4CD6-9142-B494D146AB17}.Debug|x86.Build.0 = Debug|Win32
		{A45F2284-7C54-4CD6-9142-B494D146AB17}.Release|Any CPU.ActiveCfg = Release|x64
		{A45F2284-7C54-4CD6-9142-B494D146AB17}.Release|Any CPU.Build.0 = Release|x64
		{A45F2284-7C54-4CD6-9142-B494D146AB17}.Release|x64.ActiveCfg = Release|x64
		{A45F2284-7C54-4CD6-9142-B494D146AB17}.Release|x64.Build.0 = Release|x64
		{A45F2284-7C54-4CD6-9142-B494D146AB17}.Release|x86.ActiveCfg = Release|Win32
		{A45F2284-7C54-4CD6-9142-B494D146AB17}.Release|x86.Build.0 = Release|Win32
		{E936D6BE-5F5D-4951-8154-17CAC1632D2D}.Debug|Any CPU.ActiveCfg = Debug|x64
		{E936D6BE-5F5D-4951-8154-17CAC1632D2D}.Debug|Any CPU.Build.0 = Debug|x64
		{E936D6BE-5F5D-4951-8154-17CAC1632D2D}.Debug|x64.ActiveCfg = Debug|x64
		{E936D6BE-5F5D-4951-8154-17CAC1632D2D}.Debug|x64.Build.0 = Debug|x64
		{E936D6BE-5F5D-4951-8154-17CAC1632D2D}.Debug|x86.ActiveCfg = Debug|Win32
		{E936D6BE-5F5D-4951-8154-17CAC1632D2D}.Debug|x86.Build.0 = Debug|Win32
		{E936D6BE-5F5D-4951-8154-17CAC1632D2D}.Release|Any CPU.ActiveCfg = Release|x64
		{E936D6BE-5F5D-4951-8154-17CAC1632D2D}.Release|Any CPU.Build.0 = Release|x64
		{E936D6BE-5F5D-4951-8154-17CAC1632D2D}.Release|x64.ActiveCfg = Release|x64
		{E936D6BE-5F5D-4951-8154-17CAC1632D2D}.Release|x64.Build.0 = Release|x64
		{E936D6BE-5F5D-4951-8154-17CAC1632D2D}.Release|x86.ActiveCfg = Release|Win32
		{E936D6BE-5F5D-4951-8154-17CAC1632D2D}.Release|x86.Build.0 = Release|Win32
		{9EB3983A-6221-4C01-8521-8DFAEE4D5811}.Debug|Any CPU.ActiveCfg = Debug|x64
		{9EB3983A-6221-4C01-8521-8DFAEE4D5811}.Debug|Any CPU.Build.0 = Debug|x64
		{9EB3983A-6221-4C01-8521-8DFAEE4D5811}.Debug|x64.ActiveCfg = Debug|x64
		{9EB3983A-6221-4C01-8521-8DFAEE4D5811}.Debug|x64.Build.0 = Debug|x64
		{9EB3983A-6221-4C01-8521-8DFAEE4D5811}.Debug|x86.ActiveCfg = Debug|Win32
		{9EB3983A-6221-4C01-8521-8DFAEE4D5811}.Debug|x86.Build.0 = Debug|Win32
		{9EB3983A-6221-4C01-8521-8DFAEE4D5811}.Release|Any CPU.ActiveCfg = Release|x64
		{9EB3983A-6221-4C01-8521-8DFAEE4D5811}.Release|Any CPU.Build.0 = Release|x64
		{9EB3983A-6221-4C01-8521-8DFAEE4D5811}.Release|x64.ActiveCfg = Release|x64
		{9EB3983A-6221-4C01-8521-8DFAEE4D5811}.Release|x64.Build.0 = Release|x64
		{9EB3983A-6221-4C01-8521-8DFAEE4D5811}.Release|x86.ActiveCfg = Release|Win32
		{9EB3983A-6221-4C01-8521-8DFAEE4D5811}.Release|x86.Build.0 = Release|Win32
		{1B6B5F34-ED33-42E2-84A2-143687EC86F1}.Debug|Any CPU.ActiveCfg = Debug|x64
		{1B6B5F34-ED33-42E2-84A2-143687EC86F1}.Debug|Any CPU.Build.0 = Debug|x64
		{1B6B5F34-ED33-42E2-84A2-143687EC86F1}.Debug|x64.ActiveCfg = Debug|x64
		{1B6B5F34-ED33-42E2-84A2-143687EC86F1}.Debug|x64.Build.0 = Debug|x64
		{1B6B5F34-ED33-42E2-84A2-143687EC86F1}.Debug|x86.ActiveCfg = Debug|Win32
		{1B6B5F34-ED33-42E2-84A2-143687EC86F1}.Debug|x86.Build.0 = Debug|Win32
		{1B6B5F34-ED33-42E2-84A2-143687EC86F1}.Release|Any CPU.ActiveCfg = Release|x64
		{1B6B5F34-ED33-42E2-84A2-143687EC86F1}.Release|Any CPU.Build.0 = Release|x64
		{1B6B5F34-ED33-42E2-84A2-143687EC86F1}.Release|x64.ActiveCfg = Release|x64
		{1B6B5F34-ED33-42E2-84A2-143687EC86F1}.Release|x64.Build.0 = Release|x64
		{1B6B5F34-ED33-42E2-84A2-143687EC86F1}.Release|x86.ActiveCfg = Release|Win32
		{1B6B5F34-ED33-42E2-84A2-143687EC86F1}.Release|x86.Build.0 = Release|Win32
		{9A3D438A-50E9-4F29-8601-C73EA5EADC73}.Debug|Any CPU.ActiveCfg = Debug|x64
		{9A3D438A-50E9-4F29-8601-C73EA5EADC73}.Debug|Any CPU.Build.0 = Debug|x64
		{9A3D438A-50E9-4F29-8601-C73EA5EADC73}.Debug|x64.ActiveCfg = Debug|x64
		{9A3D438A-50E9-4F29-8601-C73EA5EADC73}.Debug|x64.Build.0 = Debug|x64
		{9A3D438A-50E9-4F29-8601-C73EA5EADC73}.Debug|x86.ActiveCfg = Debug|Win32
		{9A3D438A-50E9-4F29-8601-C73EA5EADC73}.Debug|x86.Build.0 = Debug|Win32
		{9A3D438A-50E9-4F29-8601-C73EA5EADC73}.Release|Any CPU.ActiveCfg = Release|x64
		{9A3D438A-50E9-4F29-8601-C73EA5EADC73}.Release|Any CPU.Build.0 = Release|x64
		{9A3D438A-50E9-4F29-8601-C73EA5EADC73}.Release|x64.ActiveCfg = Release|x64
		{9A3D438A-50E9-4F29-8601-C73EA5EADC73}.Release|x64.Build.0 = Release|x64
		{9A3D438A-50E9-4F29-8601-C73EA5EADC73}.Release|x86.ActiveCfg = Release|Win32
		{9A3D438A-50E9-4F29-8601-C73EA5EADC73}.Release|x86.Build.0 = Release|Win32
		{85CBE676-1DE3-49D1-92CB-E1E236F50422}.Debug|Any CPU.ActiveCfg = Debug|Any CPU
		{85CBE676-1DE3-49D1-92CB-E1E236F50422}.Debug|Any CPU.Build.0 = Debug|Any CPU
		{85CBE676-1DE3-49D1-92CB-E1E236F50422}.Debug|x64.ActiveCfg = Debug|Any CPU
		{85CBE676-1DE3-49D1-92CB-E1E236F50422}.Debug|x64.Build.0 = Debug|Any CPU
		{85CBE676-1DE3-49D1-92CB-E1E236F50422}.Debug|x86.ActiveCfg = Debug|Any CPU
		{85CBE676-1DE3-49D1-92CB-E1E236F50422}.Debug|x86.Build.0 = Debug|Any CPU
		{85CBE676-1DE3-49D1-92CB-E1E236F50422}.Release|Any CPU.ActiveCfg = Release|Any CPU
		{85CBE676-1DE3-49D1-92CB-E1E236F50422}.Release|Any CPU.Build.0 = Release|Any CPU
		{85CBE676-1DE3-49D1-92CB-E1E236F50422}.Release|x64.ActiveCfg = Release|Any CPU
		{85CBE676-1DE3-49D1-92CB-E1E236F50422}.Release|x64.Build.0 = Release|Any CPU
		{85CBE676-1DE3-49D1-92CB-E1E236F50422}.Release|x86.ActiveCfg = Release|Any CPU
		{85CBE676-1DE3-49D1-92CB-E1E236F50422}.Release|x86.Build.0 = Release|Any CPU
		{1EF8ABF9-90E8-4ED7-BB3A-4544B6E81C41}.Debug|Any CPU.ActiveCfg = Debug|Any CPU
		{1EF8ABF9-90E8-4ED7-BB3A-4544B6E81C41}.Debug|Any CPU.Build.0 = Debug|Any CPU
		{1EF8ABF9-90E8-4ED7-BB3A-4544B6E81C41}.Debug|x64.ActiveCfg = Debug|Any CPU
		{1EF8ABF9-90E8-4ED7-BB3A-4544B6E81C41}.Debug|x64.Build.0 = Debug|Any CPU
		{1EF8ABF9-90E8-4ED7-BB3A-4544B6E81C41}.Debug|x86.ActiveCfg = Debug|Any CPU
		{1EF8ABF9-90E8-4ED7-BB3A-4544B6E81C41}.Debug|x86.Build.0 = Debug|Any CPU
		{1EF8ABF9-90E8-4ED7-BB3A-4544B6E81C41}.Release|Any CPU.ActiveCfg = Release|Any CPU
		{1EF8ABF9-90E8-4ED7-BB3A-4544B6E81C41}.Release|Any CPU.Build.0 = Release|Any CPU
		{1EF8ABF9-90E8-4ED7-BB3A-4544B6E81C41}.Release|x64.ActiveCfg = Release|Any CPU
		{1EF8ABF9-90E8-4ED7-BB3A-4544B6E81C41}.Release|x64.Build.0 = Release|Any CPU
		{1EF8ABF9-90E8-4ED7-BB3A-4544B6E81C41}.Release|x86.ActiveCfg = Release|Any CPU
		{1EF8ABF9-90E8-4ED7-BB3A-4544B6E81C41}.Release|x86.Build.0 = Release|Any CPU
		{3DBAF4FD-8E1F-40FA-AC96-665DD7BA3982}.Debug|Any CPU.ActiveCfg = Debug|x64
		{3DBAF4FD-8E1F-40FA-AC96-665DD7BA3982}.Debug|Any CPU.Build.0 = Debug|x64
		{3DBAF4FD-8E1F-40FA-AC96-665DD7BA3982}.Debug|x64.ActiveCfg = Debug|x64
		{3DBAF4FD-8E1F-40FA-AC96-665DD7BA3982}.Debug|x64.Build.0 = Debug|x64
		{3DBAF4FD-8E1F-40FA-AC96-665DD7BA3982}.Debug|x86.ActiveCfg = Debug|Win32
		{3DBAF4FD-8E1F-40FA-AC96-665DD7BA3982}.Debug|x86.Build.0 = Debug|Win32
		{3DBAF4FD-8E1F-40FA-AC96-665DD7BA3982}.Release|Any CPU.ActiveCfg = Release|x64
		{3DBAF4FD-8E1F-40FA-AC96-665DD7BA3982}.Release|Any CPU.Build.0 = Release|x64
		{3DBAF4FD-8E1F-40FA-AC96-665DD7BA3982}.Release|x64.ActiveCfg = Release|x64
		{3DBAF4FD-8E1F-40FA-AC96-665DD7BA3982}.Release|x64.Build.0 = Release|x64
		{3DBAF4FD-8E1F-40FA-AC96-665DD7BA3982}.Release|x86.ActiveCfg = Release|Win32
		{3DBAF4FD-8E1F-40FA-AC96-665DD7BA3982}.Release|x86.Build.0 = Release|Win32
		{120969B3-5612-4AC7-92E3-E914571DB5DD}.Debug|Any CPU.ActiveCfg = Debug|Any CPU
		{120969B3-5612-4AC7-92E3-E914571DB5DD}.Debug|Any CPU.Build.0 = Debug|Any CPU
		{120969B3-5612-4AC7-92E3-E914571DB5DD}.Debug|x64.ActiveCfg = Debug|Any CPU
		{120969B3-5612-4AC7-92E3-E914571DB5DD}.Debug|x64.Build.0 = Debug|Any CPU
		{120969B3-5612-4AC7-92E3-E914571DB5DD}.Debug|x86.ActiveCfg = Debug|Any CPU
		{120969B3-5612-4AC7-92E3-E914571DB5DD}.Debug|x86.Build.0 = Debug|Any CPU
		{120969B3-5612-4AC7-92E3-E914571DB5DD}.Release|Any CPU.ActiveCfg = Release|Any CPU
		{120969B3-5612-4AC7-92E3-E914571DB5DD}.Release|Any CPU.Build.0 = Release|Any CPU
		{120969B3-5612-4AC7-92E3-E914571DB5DD}.Release|x64.ActiveCfg = Release|Any CPU
		{120969B3-5612-4AC7-92E3-E914571DB5DD}.Release|x64.Build.0 = Release|Any CPU
		{120969B3-5612-4AC7-92E3-E914571DB5DD}.Release|x86.ActiveCfg = Release|Any CPU
		{120969B3-5612-4AC7-92E3-E914571DB5DD}.Release|x86.Build.0 = Release|Any CPU
		{79A84FF9-3DF9-4EAB-82F1-40522E826B7B}.Debug|Any CPU.ActiveCfg = Debug|x64
		{79A84FF9-3DF9-4EAB-82F1-40522E826B7B}.Debug|Any CPU.Build.0 = Debug|x64
		{79A84FF9-3DF9-4EAB-82F1-40522E826B7B}.Debug|x64.ActiveCfg = Debug|x64
		{79A84FF9-3DF9-4EAB-82F1-40522E826B7B}.Debug|x64.Build.0 = Debug|x64
		{79A84FF9-3DF9-4EAB-82F1-40522E826B7B}.Debug|x86.ActiveCfg = Debug|Win32
		{79A84FF9-3DF9-4EAB-82F1-40522E826B7B}.Debug|x86.Build.0 = Debug|Win32
		{79A84FF9-3DF9-4EAB-82F1-40522E826B7B}.Release|Any CPU.ActiveCfg = Release|x64
		{79A84FF9-3DF9-4EAB-82F1-40522E826B7B}.Release|Any CPU.Build.0 = Release|x64
		{79A84FF9-3DF9-4EAB-82F1-40522E826B7B}.Release|x64.ActiveCfg = Release|x64
		{79A84FF9-3DF9-4EAB-82F1-40522E826B7B}.Release|x64.Build.0 = Release|x64
		{79A84FF9-3DF9-4EAB-82F1-40522E826B7B}.Release|x86.ActiveCfg = Release|Win32
		{79A84FF9-3DF9-4EAB-82F1-40522E826B7B}.Release|x86.Build.0 = Release|Win32
		{44868608-7C37-4A57-B4AE-7CBE32A1AA39}.Debug|Any CPU.ActiveCfg = Debug|x64
		{44868608-7C37-4A57-B4AE-7CBE32A1AA39}.Debug|Any CPU.Build.0 = Debug|x64
		{44868608-7C37-4A57-B4AE-7CBE32A1AA39}.Debug|x64.ActiveCfg = Debug|x64
		{44868608-7C37-4A57-B4AE-7CBE32A1AA39}.Debug|x64.Build.0 = Debug|x64
		{44868608-7C37-4A57-B4AE-7CBE32A1AA39}.Debug|x86.ActiveCfg = Debug|Win32
		{44868608-7C37-4A57-B4AE-7CBE32A1AA39}.Debug|x86.Build.0 = Debug|Win32
		{44868608-7C37-4A57-B4AE-7CBE32A1AA39}.Release|Any CPU.ActiveCfg = Release|x64
		{44868608-7C37-4A57-B4AE-7CBE32A1AA39}.Release|Any CPU.Build.0 = Release|x64
		{44868608-7C37-4A57-B4AE-7CBE32A1AA39}.Release|x64.ActiveCfg = Release|x64
		{44868608-7C37-4A57-B4AE-7CBE32A1AA39}.Release|x64.Build.0 = Release|x64
		{44868608-7C37-4A57-B4AE-7CBE32A1AA39}.Release|x86.ActiveCfg = Release|Win32
		{44868608-7C37-4A57-B4AE-7CBE32A1AA39}.Release|x86.Build.0 = Release|Win32
		{6C9FE465-5D45-4276-A346-FDAF6388CC66}.Debug|Any CPU.ActiveCfg = Debug|x64
		{6C9FE465-5D45-4276-A346-FDAF6388CC66}.Debug|Any CPU.Build.0 = Debug|x64
		{6C9FE465-5D45-4276-A346-FDAF6388CC66}.Debug|x64.ActiveCfg = Debug|x64
		{6C9FE465-5D45-4276-A346-FDAF6388CC66}.Debug|x64.Build.0 = Debug|x64
		{6C9FE465-5D45-4276-A346-FDAF6388CC66}.Debug|x86.ActiveCfg = Debug|Win32
		{6C9FE465-5D45-4276-A346-FDAF6388CC66}.Debug|x86.Build.0 = Debug|Win32
		{6C9FE465-5D45-4276-A346-FDAF6388CC66}.Release|Any CPU.ActiveCfg = Release|x64
		{6C9FE465-5D45-4276-A346-FDAF6388CC66}.Release|Any CPU.Build.0 = Release|x64
		{6C9FE465-5D45-4276-A346-FDAF6388CC66}.Release|x64.ActiveCfg = Release|x64
		{6C9FE465-5D45-4276-A346-FDAF6388CC66}.Release|x64.Build.0 = Release|x64
		{6C9FE465-5D45-4276-A346-FDAF6388CC66}.Release|x86.ActiveCfg = Release|Win32
		{6C9FE465-5D45-4276-A346-FDAF6388CC66}.Release|x86.Build.0 = Release|Win32
	EndGlobalSection
	GlobalSection(SolutionProperties) = preSolution
		HideSolutionNode = FALSE
	EndGlobalSection
	GlobalSection(ExtensibilityGlobals) = postSolution
		SolutionGuid = {8C1E6E7D-8A9C-4EF1-AE5C-C2E5F9868FD7}
	EndGlobalSection
EndGlobal
